
Microsoft Visual Studio Solution File, Format Version 12.00
# Visual Studio Version 16
VisualStudioVersion = 16.0.33328.57
MinimumVisualStudioVersion = 10.0.40219.1
Project("{FAE04EC0-301F-11D3-BF4B-00C04F79EFBC}") = "Hera", "Hera\Hera.csproj", "{E53076A4-A879-45AE-993E-EA8EF922DDEF}"
EndProject
Global
	GlobalSection(SolutionConfigurationPlatforms) = preSolution
		Debug|Any CPU = Debug|Any CPU
		Release|Any CPU = Release|Any CPU
	EndGlobalSection
	GlobalSection(ProjectConfigurationPlatforms) = postSolution
		{E53076A4-A879-45AE-993E-EA8EF922DDEF}.Debug|Any CPU.ActiveCfg = Debug|Any CPU
		{E53076A4-A879-45AE-993E-EA8EF922DDEF}.Debug|Any CPU.Build.0 = Debug|Any CPU
		{E53076A4-A879-45AE-993E-EA8EF922DDEF}.Release|Any CPU.ActiveCfg = Release|Any CPU
		{E53076A4-A879-45AE-993E-EA8EF922DDEF}.Release|Any CPU.Build.0 = Release|Any CPU
	EndGlobalSection
	GlobalSection(SolutionProperties) = preSolution
		HideSolutionNode = FALSE
	EndGlobalSection
	GlobalSection(ExtensibilityGlobals) = postSolution
		SolutionGuid = {6642ABB8-3F88-46B5-9608-85048DC728D7}
	EndGlobalSection
EndGlobal
